
Microsoft Visual Studio Solution File, Format Version 12.00
# Visual Studio Version 16
VisualStudioVersion = 16.0.29519.181
MinimumVisualStudioVersion = 10.0.40219.1
Project("{9A19103F-16F7-4668-BE54-9A1E7A4F7556}") = "rappi-client", "rappi-client\rappi-client.csproj", "{F8F21CC6-E698-4157-996A-5F805A007EE7}"
EndProject
Project("{9A19103F-16F7-4668-BE54-9A1E7A4F7556}") = "rappi", "demo\rappi.csproj", "{5D8D4AD8-06C9-4DED-85E3-473FE5E2CE90}"
EndProject
Global
	GlobalSection(SolutionConfigurationPlatforms) = preSolution
		Debug|Any CPU = Debug|Any CPU
		Release|Any CPU = Release|Any CPU
	EndGlobalSection
	GlobalSection(ProjectConfigurationPlatforms) = postSolution
		{F8F21CC6-E698-4157-996A-5F805A007EE7}.Debug|Any CPU.ActiveCfg = Debug|Any CPU
		{F8F21CC6-E698-4157-996A-5F805A007EE7}.Debug|Any CPU.Build.0 = Debug|Any CPU
		{F8F21CC6-E698-4157-996A-5F805A007EE7}.Release|Any CPU.ActiveCfg = Release|Any CPU
		{F8F21CC6-E698-4157-996A-5F805A007EE7}.Release|Any CPU.Build.0 = Release|Any CPU
		{5D8D4AD8-06C9-4DED-85E3-473FE5E2CE90}.Debug|Any CPU.ActiveCfg = Debug|Any CPU
		{5D8D4AD8-06C9-4DED-85E3-473FE5E2CE90}.Debug|Any CPU.Build.0 = Debug|Any CPU
		{5D8D4AD8-06C9-4DED-85E3-473FE5E2CE90}.Release|Any CPU.ActiveCfg = Release|Any CPU
		{5D8D4AD8-06C9-4DED-85E3-473FE5E2CE90}.Release|Any CPU.Build.0 = Release|Any CPU
	EndGlobalSection
	GlobalSection(SolutionProperties) = preSolution
		HideSolutionNode = FALSE
	EndGlobalSection
	GlobalSection(ExtensibilityGlobals) = postSolution
		SolutionGuid = {A13A7BF8-CA1E-4E68-A395-241731F3066E}
	EndGlobalSection
EndGlobal
